
Microsoft Visual Studio Solution File, Format Version 12.00
# Visual Studio Version 16
VisualStudioVersion = 16.0.29613.14
MinimumVisualStudioVersion = 10.0.40219.1
Project("{FAE04EC0-301F-11D3-BF4B-00C04F79EFBC}") = "Cutlery.Com", "Cutlery.Com.csproj", "{AB456D57-75E1-4400-B409-E14D17BA618A}"
EndProject
Global
	GlobalSection(SolutionConfigurationPlatforms) = preSolution
		Debug|Any CPU = Debug|Any CPU
		Release|Any CPU = Release|Any CPU
	EndGlobalSection
	GlobalSection(ProjectConfigurationPlatforms) = postSolution
		{AB456D57-75E1-4400-B409-E14D17BA618A}.Debug|Any CPU.ActiveCfg = Debug|Any CPU
		{AB456D57-75E1-4400-B409-E14D17BA618A}.Debug|Any CPU.Build.0 = Debug|Any CPU
		{AB456D57-75E1-4400-B409-E14D17BA618A}.Release|Any CPU.ActiveCfg = Release|Any CPU
		{AB456D57-75E1-4400-B409-E14D17BA618A}.Release|Any CPU.Build.0 = Release|Any CPU
	EndGlobalSection
	GlobalSection(SolutionProperties) = preSolution
		HideSolutionNode = FALSE
	EndGlobalSection
	GlobalSection(ExtensibilityGlobals) = postSolution
		SolutionGuid = {46FA4737-33B1-4156-9102-08FF225E4183}
	EndGlobalSection
EndGlobal
